
Microsoft Visual Studio Solution File, Format Version 12.00
# Visual Studio Version 17
VisualStudioVersion = 17.6.33829.357
MinimumVisualStudioVersion = 10.0.40219.1
Project("{FAE04EC0-301F-11D3-BF4B-00C04F79EFBC}") = "KalarathamClassObjects", "KalarathamClassObjects\KalarathamClassObjects.csproj", "{4ECD9181-CB9D-4C3D-A10D-585EF1A1C3E3}"
EndProject
Global
	GlobalSection(SolutionConfigurationPlatforms) = preSolution
		Debug|Any CPU = Debug|Any CPU
		Release|Any CPU = Release|Any CPU
	EndGlobalSection
	GlobalSection(ProjectConfigurationPlatforms) = postSolution
		{4ECD9181-CB9D-4C3D-A10D-585EF1A1C3E3}.Debug|Any CPU.ActiveCfg = Debug|Any CPU
		{4ECD9181-CB9D-4C3D-A10D-585EF1A1C3E3}.Debug|Any CPU.Build.0 = Debug|Any CPU
		{4ECD9181-CB9D-4C3D-A10D-585EF1A1C3E3}.Release|Any CPU.ActiveCfg = Release|Any CPU
		{4ECD9181-CB9D-4C3D-A10D-585EF1A1C3E3}.Release|Any CPU.Build.0 = Release|Any CPU
	EndGlobalSection
	GlobalSection(SolutionProperties) = preSolution
		HideSolutionNode = FALSE
	EndGlobalSection
	GlobalSection(ExtensibilityGlobals) = postSolution
		SolutionGuid = {CD0793AD-DE9F-4A00-8340-E863FA2C7032}
	EndGlobalSection
EndGlobal
